
Microsoft Visual Studio Solution File, Format Version 12.00
# Visual Studio Version 17
VisualStudioVersion = 17.2.32630.192
MinimumVisualStudioVersion = 10.0.40219.1
Project("{888888A0-9F3D-457C-B088-3A5042F75D52}") = "системы исчисления", "системы исчисления\системы исчисления.pyproj", "{D1B3B948-4D77-46ED-9B8D-F21990653063}"
EndProject
Global
	GlobalSection(SolutionConfigurationPlatforms) = preSolution
		Debug|Any CPU = Debug|Any CPU
		Release|Any CPU = Release|Any CPU
	EndGlobalSection
	GlobalSection(ProjectConfigurationPlatforms) = postSolution
		{D1B3B948-4D77-46ED-9B8D-F21990653063}.Debug|Any CPU.ActiveCfg = Debug|Any CPU
		{D1B3B948-4D77-46ED-9B8D-F21990653063}.Release|Any CPU.ActiveCfg = Release|Any CPU
	EndGlobalSection
	GlobalSection(SolutionProperties) = preSolution
		HideSolutionNode = FALSE
	EndGlobalSection
	GlobalSection(ExtensibilityGlobals) = postSolution
		SolutionGuid = {09D03140-E1ED-4991-8A15-32E24031C6EE}
	EndGlobalSection
EndGlobal
