
Microsoft Visual Studio Solution File, Format Version 12.00
# Visual Studio Version 17
VisualStudioVersion = 17.2.32630.192
MinimumVisualStudioVersion = 10.0.40219.1
Project("{888888A0-9F3D-457C-B088-3A5042F75D52}") = "генератор паролей", "генератор паролей\генератор паролей.pyproj", "{AF592676-1AFE-4627-8EAD-14E62CB16EA0}"
EndProject
Global
	GlobalSection(SolutionConfigurationPlatforms) = preSolution
		Debug|Any CPU = Debug|Any CPU
		Release|Any CPU = Release|Any CPU
	EndGlobalSection
	GlobalSection(ProjectConfigurationPlatforms) = postSolution
		{AF592676-1AFE-4627-8EAD-14E62CB16EA0}.Debug|Any CPU.ActiveCfg = Debug|Any CPU
		{AF592676-1AFE-4627-8EAD-14E62CB16EA0}.Release|Any CPU.ActiveCfg = Release|Any CPU
	EndGlobalSection
	GlobalSection(SolutionProperties) = preSolution
		HideSolutionNode = FALSE
	EndGlobalSection
	GlobalSection(ExtensibilityGlobals) = postSolution
		SolutionGuid = {C3B7247F-C52F-42AE-907A-418E19B10F17}
	EndGlobalSection
EndGlobal
